
Microsoft Visual Studio Solution File, Format Version 12.00
# Visual Studio 15
Project("{FAE04EC0-301F-11D3-BF4B-00C04F79EFBC}") = "Assembly-CSharp", "Assembly-CSharp.csproj", "{24DB0956-E2A8-903A-8148-178A9FE40028}"
EndProject
Project("{FAE04EC0-301F-11D3-BF4B-00C04F79EFBC}") = "Assembly-CSharp-Editor", "Assembly-CSharp-Editor.csproj", "{4526308C-C982-45FA-A342-3CA5D99F342F}"
EndProject
Global
	GlobalSection(SolutionConfigurationPlatforms) = preSolution
		Debug|Any CPU = Debug|Any CPU
		Release|Any CPU = Release|Any CPU
	EndGlobalSection
	GlobalSection(ProjectConfigurationPlatforms) = postSolution
		{24DB0956-E2A8-903A-8148-178A9FE40028}.Debug|Any CPU.ActiveCfg = Debug|Any CPU
		{24DB0956-E2A8-903A-8148-178A9FE40028}.Debug|Any CPU.Build.0 = Debug|Any CPU
		{24DB0956-E2A8-903A-8148-178A9FE40028}.Release|Any CPU.ActiveCfg = Release|Any CPU
		{24DB0956-E2A8-903A-8148-178A9FE40028}.Release|Any CPU.Build.0 = Release|Any CPU
		{4526308C-C982-45FA-A342-3CA5D99F342F}.Debug|Any CPU.ActiveCfg = Debug|Any CPU
		{4526308C-C982-45FA-A342-3CA5D99F342F}.Debug|Any CPU.Build.0 = Debug|Any CPU
		{4526308C-C982-45FA-A342-3CA5D99F342F}.Release|Any CPU.ActiveCfg = Release|Any CPU
		{4526308C-C982-45FA-A342-3CA5D99F342F}.Release|Any CPU.Build.0 = Release|Any CPU
	EndGlobalSection
	GlobalSection(SolutionProperties) = preSolution
		HideSolutionNode = FALSE
	EndGlobalSection
EndGlobal
